// !$*UTF8*$!
{
	archiveVersion = 1;
	classes = {
	};
	objectVersion = 46;
	objects = {

/* Begin PBXBuildFile section */
		C515F45818ABA2E900D62460 /* Foundation.framework in Frameworks */ = {isa = PBXBuildFile; fileRef = C515F45718ABA2E900D62460 /* Foundation.framework */; };
		C515F45A18ABA2E900D62460 /* CoreGraphics.framework in Frameworks */ = {isa = PBXBuildFile; fileRef = C515F45918ABA2E900D62460 /* CoreGraphics.framework */; };
		C515F45C18ABA2E900D62460 /* UIKit.framework in Frameworks */ = {isa = PBXBuildFile; fileRef = C515F45B18ABA2E900D62460 /* UIKit.framework */; };
		C515F46218ABA2E900D62460 /* InfoPlist.strings in Resources */ = {isa = PBXBuildFile; fileRef = C515F46018ABA2E900D62460 /* InfoPlist.strings */; };
		C515F46418ABA2E900D62460 /* main.m in Sources */ = {isa = PBXBuildFile; fileRef = C515F46318ABA2E900D62460 /* main.m */; };
		C515F46818ABA2E900D62460 /* AppDelegate.m in Sources */ = {isa = PBXBuildFile; fileRef = C515F46718ABA2E900D62460 /* AppDelegate.m */; };
		C515F46B18ABA2E900D62460 /* Main.storyboard in Resources */ = {isa = PBXBuildFile; fileRef = C515F46918ABA2E900D62460 /* Main.storyboard */; };
		C515F46E18ABA2E900D62460 /* FBLoginViewController.m in Sources */ = {isa = PBXBuildFile; fileRef = C515F46D18ABA2E900D62460 /* FBLoginViewController.m */; };
		C515F47018ABA2E900D62460 /* Images.xcassets in Resources */ = {isa = PBXBuildFile; fileRef = C515F46F18ABA2E900D62460 /* Images.xcassets */; };
		C515F47718ABA2E900D62460 /* XCTest.framework in Frameworks */ = {isa = PBXBuildFile; fileRef = C515F47618ABA2E900D62460 /* XCTest.framework */; };
		C515F47818ABA2E900D62460 /* Foundation.framework in Frameworks */ = {isa = PBXBuildFile; fileRef = C515F45718ABA2E900D62460 /* Foundation.framework */; };
		C515F47918ABA2E900D62460 /* UIKit.framework in Frameworks */ = {isa = PBXBuildFile; fileRef = C515F45B18ABA2E900D62460 /* UIKit.framework */; };
		C515F48118ABA2E900D62460 /* InfoPlist.strings in Resources */ = {isa = PBXBuildFile; fileRef = C515F47F18ABA2E900D62460 /* InfoPlist.strings */; };
		C515F48318ABA2E900D62460 /* menuappTests.m in Sources */ = {isa = PBXBuildFile; fileRef = C515F48218ABA2E900D62460 /* menuappTests.m */; };
		C515F48D18ABAA6800D62460 /* FacebookSDK.framework in Frameworks */ = {isa = PBXBuildFile; fileRef = C515F48C18ABAA6800D62460 /* FacebookSDK.framework */; };
		C515F49018ACA02D00D62460 /* Data.m in Sources */ = {isa = PBXBuildFile; fileRef = C515F48F18ACA02D00D62460 /* Data.m */; };
		C515F49318ACA41000D62460 /* RestaurantsViewController.m in Sources */ = {isa = PBXBuildFile; fileRef = C515F49218ACA41000D62460 /* RestaurantsViewController.m */; };
		C515F49918B0A1D500D62460 /* Restaurant.m in Sources */ = {isa = PBXBuildFile; fileRef = C515F49818B0A1D500D62460 /* Restaurant.m */; };
		C515F49C18B0A24500D62460 /* Dish.m in Sources */ = {isa = PBXBuildFile; fileRef = C515F49B18B0A24500D62460 /* Dish.m */; };
		C515F49F18B0A30C00D62460 /* User.m in Sources */ = {isa = PBXBuildFile; fileRef = C515F49E18B0A30C00D62460 /* User.m */; };
		C515F4A318B1566700D62460 /* MenuViewController.m in Sources */ = {isa = PBXBuildFile; fileRef = C515F4A218B1566700D62460 /* MenuViewController.m */; };
		C515F4A618B1595A00D62460 /* DishCollectionViewCell.m in Sources */ = {isa = PBXBuildFile; fileRef = C515F4A518B1595A00D62460 /* DishCollectionViewCell.m */; };
/* End PBXBuildFile section */

/* Begin PBXContainerItemProxy section */
		C515F47A18ABA2E900D62460 /* PBXContainerItemProxy */ = {
			isa = PBXContainerItemProxy;
			containerPortal = C515F44C18ABA2E900D62460 /* Project object */;
			proxyType = 1;
			remoteGlobalIDString = C515F45318ABA2E900D62460;
			remoteInfo = menuapp;
		};
/* End PBXContainerItemProxy section */

/* Begin PBXFileReference section */
		C515F45418ABA2E900D62460 /* menuapp.app */ = {isa = PBXFileReference; explicitFileType = wrapper.application; includeInIndex = 0; path = menuapp.app; sourceTree = BUILT_PRODUCTS_DIR; };
		C515F45718ABA2E900D62460 /* Foundation.framework */ = {isa = PBXFileReference; lastKnownFileType = wrapper.framework; name = Foundation.framework; path = System/Library/Frameworks/Foundation.framework; sourceTree = SDKROOT; };
		C515F45918ABA2E900D62460 /* CoreGraphics.framework */ = {isa = PBXFileReference; lastKnownFileType = wrapper.framework; name = CoreGraphics.framework; path = System/Library/Frameworks/CoreGraphics.framework; sourceTree = SDKROOT; };
		C515F45B18ABA2E900D62460 /* UIKit.framework */ = {isa = PBXFileReference; lastKnownFileType = wrapper.framework; name = UIKit.framework; path = System/Library/Frameworks/UIKit.framework; sourceTree = SDKROOT; };
		C515F45F18ABA2E900D62460 /* menuapp-Info.plist */ = {isa = PBXFileReference; lastKnownFileType = text.plist.xml; path = "menuapp-Info.plist"; sourceTree = "<group>"; };
		C515F46118ABA2E900D62460 /* en */ = {isa = PBXFileReference; lastKnownFileType = text.plist.strings; name = en; path = en.lproj/InfoPlist.strings; sourceTree = "<group>"; };
		C515F46318ABA2E900D62460 /* main.m */ = {isa = PBXFileReference; lastKnownFileType = sourcecode.c.objc; path = main.m; sourceTree = "<group>"; };
		C515F46518ABA2E900D62460 /* menuapp-Prefix.pch */ = {isa = PBXFileReference; lastKnownFileType = sourcecode.c.h; path = "menuapp-Prefix.pch"; sourceTree = "<group>"; };
		C515F46618ABA2E900D62460 /* AppDelegate.h */ = {isa = PBXFileReference; lastKnownFileType = sourcecode.c.h; path = AppDelegate.h; sourceTree = "<group>"; };
		C515F46718ABA2E900D62460 /* AppDelegate.m */ = {isa = PBXFileReference; lastKnownFileType = sourcecode.c.objc; path = AppDelegate.m; sourceTree = "<group>"; };
		C515F46A18ABA2E900D62460 /* Base */ = {isa = PBXFileReference; lastKnownFileType = file.storyboard; name = Base; path = Base.lproj/Main.storyboard; sourceTree = "<group>"; };
		C515F46C18ABA2E900D62460 /* FBLoginViewController.h */ = {isa = PBXFileReference; lastKnownFileType = sourcecode.c.h; path = FBLoginViewController.h; sourceTree = "<group>"; };
		C515F46D18ABA2E900D62460 /* FBLoginViewController.m */ = {isa = PBXFileReference; lastKnownFileType = sourcecode.c.objc; path = FBLoginViewController.m; sourceTree = "<group>"; };
		C515F46F18ABA2E900D62460 /* Images.xcassets */ = {isa = PBXFileReference; lastKnownFileType = folder.assetcatalog; path = Images.xcassets; sourceTree = "<group>"; };
		C515F47518ABA2E900D62460 /* menuappTests.xctest */ = {isa = PBXFileReference; explicitFileType = wrapper.cfbundle; includeInIndex = 0; path = menuappTests.xctest; sourceTree = BUILT_PRODUCTS_DIR; };
		C515F47618ABA2E900D62460 /* XCTest.framework */ = {isa = PBXFileReference; lastKnownFileType = wrapper.framework; name = XCTest.framework; path = Library/Frameworks/XCTest.framework; sourceTree = DEVELOPER_DIR; };
		C515F47E18ABA2E900D62460 /* menuappTests-Info.plist */ = {isa = PBXFileReference; lastKnownFileType = text.plist.xml; path = "menuappTests-Info.plist"; sourceTree = "<group>"; };
		C515F48018ABA2E900D62460 /* en */ = {isa = PBXFileReference; lastKnownFileType = text.plist.strings; name = en; path = en.lproj/InfoPlist.strings; sourceTree = "<group>"; };
		C515F48218ABA2E900D62460 /* menuappTests.m */ = {isa = PBXFileReference; lastKnownFileType = sourcecode.c.objc; path = menuappTests.m; sourceTree = "<group>"; };
		C515F48C18ABAA6800D62460 /* FacebookSDK.framework */ = {isa = PBXFileReference; lastKnownFileType = wrapper.framework; name = FacebookSDK.framework; path = ../../FacebookSDK/FacebookSDK.framework; sourceTree = "<group>"; };
		C515F48E18ACA02D00D62460 /* Data.h */ = {isa = PBXFileReference; fileEncoding = 4; lastKnownFileType = sourcecode.c.h; path = Data.h; sourceTree = "<group>"; };
		C515F48F18ACA02D00D62460 /* Data.m */ = {isa = PBXFileReference; fileEncoding = 4; lastKnownFileType = sourcecode.c.objc; path = Data.m; sourceTree = "<group>"; };
		C515F49118ACA41000D62460 /* RestaurantsViewController.h */ = {isa = PBXFileReference; fileEncoding = 4; lastKnownFileType = sourcecode.c.h; path = RestaurantsViewController.h; sourceTree = "<group>"; };
		C515F49218ACA41000D62460 /* RestaurantsViewController.m */ = {isa = PBXFileReference; fileEncoding = 4; lastKnownFileType = sourcecode.c.objc; path = RestaurantsViewController.m; sourceTree = "<group>"; };
		C515F49718B0A1D500D62460 /* Restaurant.h */ = {isa = PBXFileReference; fileEncoding = 4; lastKnownFileType = sourcecode.c.h; path = Restaurant.h; sourceTree = "<group>"; };
		C515F49818B0A1D500D62460 /* Restaurant.m */ = {isa = PBXFileReference; fileEncoding = 4; lastKnownFileType = sourcecode.c.objc; path = Restaurant.m; sourceTree = "<group>"; };
		C515F49A18B0A24500D62460 /* Dish.h */ = {isa = PBXFileReference; fileEncoding = 4; lastKnownFileType = sourcecode.c.h; path = Dish.h; sourceTree = "<group>"; };
		C515F49B18B0A24500D62460 /* Dish.m */ = {isa = PBXFileReference; fileEncoding = 4; lastKnownFileType = sourcecode.c.objc; path = Dish.m; sourceTree = "<group>"; };
		C515F49D18B0A30C00D62460 /* User.h */ = {isa = PBXFileReference; fileEncoding = 4; lastKnownFileType = sourcecode.c.h; path = User.h; sourceTree = "<group>"; };
		C515F49E18B0A30C00D62460 /* User.m */ = {isa = PBXFileReference; fileEncoding = 4; lastKnownFileType = sourcecode.c.objc; path = User.m; sourceTree = "<group>"; };
		C515F4A118B1566700D62460 /* MenuViewController.h */ = {isa = PBXFileReference; fileEncoding = 4; lastKnownFileType = sourcecode.c.h; path = MenuViewController.h; sourceTree = "<group>"; };
		C515F4A218B1566700D62460 /* MenuViewController.m */ = {isa = PBXFileReference; fileEncoding = 4; lastKnownFileType = sourcecode.c.objc; path = MenuViewController.m; sourceTree = "<group>"; };
		C515F4A418B1595A00D62460 /* DishCollectionViewCell.h */ = {isa = PBXFileReference; fileEncoding = 4; lastKnownFileType = sourcecode.c.h; path = DishCollectionViewCell.h; sourceTree = "<group>"; };
		C515F4A518B1595A00D62460 /* DishCollectionViewCell.m */ = {isa = PBXFileReference; fileEncoding = 4; lastKnownFileType = sourcecode.c.objc; path = DishCollectionViewCell.m; sourceTree = "<group>"; };
/* End PBXFileReference section */

/* Begin PBXFrameworksBuildPhase section */
		C515F45118ABA2E900D62460 /* Frameworks */ = {
			isa = PBXFrameworksBuildPhase;
			buildActionMask = 2147483647;
			files = (
				C515F45A18ABA2E900D62460 /* CoreGraphics.framework in Frameworks */,
				C515F48D18ABAA6800D62460 /* FacebookSDK.framework in Frameworks */,
				C515F45C18ABA2E900D62460 /* UIKit.framework in Frameworks */,
				C515F45818ABA2E900D62460 /* Foundation.framework in Frameworks */,
			);
			runOnlyForDeploymentPostprocessing = 0;
		};
		C515F47218ABA2E900D62460 /* Frameworks */ = {
			isa = PBXFrameworksBuildPhase;
			buildActionMask = 2147483647;
			files = (
				C515F47718ABA2E900D62460 /* XCTest.framework in Frameworks */,
				C515F47918ABA2E900D62460 /* UIKit.framework in Frameworks */,
				C515F47818ABA2E900D62460 /* Foundation.framework in Frameworks */,
			);
			runOnlyForDeploymentPostprocessing = 0;
		};
/* End PBXFrameworksBuildPhase section */

/* Begin PBXGroup section */
		C515F44B18ABA2E900D62460 = {
			isa = PBXGroup;
			children = (
				C515F45D18ABA2E900D62460 /* menuapp */,
				C515F45618ABA2E900D62460 /* Frameworks */,
				C515F45518ABA2E900D62460 /* Products */,
			);
			sourceTree = "<group>";
		};
		C515F45518ABA2E900D62460 /* Products */ = {
			isa = PBXGroup;
			children = (
				C515F45418ABA2E900D62460 /* menuapp.app */,
				C515F47518ABA2E900D62460 /* menuappTests.xctest */,
			);
			name = Products;
			sourceTree = "<group>";
		};
		C515F45618ABA2E900D62460 /* Frameworks */ = {
			isa = PBXGroup;
			children = (
				C515F48C18ABAA6800D62460 /* FacebookSDK.framework */,
				C515F45718ABA2E900D62460 /* Foundation.framework */,
				C515F45918ABA2E900D62460 /* CoreGraphics.framework */,
				C515F45B18ABA2E900D62460 /* UIKit.framework */,
				C515F47618ABA2E900D62460 /* XCTest.framework */,
			);
			name = Frameworks;
			sourceTree = "<group>";
		};
		C515F45D18ABA2E900D62460 /* menuapp */ = {
			isa = PBXGroup;
			children = (
				C515F46618ABA2E900D62460 /* AppDelegate.h */,
				C515F46718ABA2E900D62460 /* AppDelegate.m */,
				C515F46918ABA2E900D62460 /* Main.storyboard */,
				C515F4A418B1595A00D62460 /* DishCollectionViewCell.h */,
				C515F4A518B1595A00D62460 /* DishCollectionViewCell.m */,
				C515F46C18ABA2E900D62460 /* FBLoginViewController.h */,
				C515F46D18ABA2E900D62460 /* FBLoginViewController.m */,
				C515F49118ACA41000D62460 /* RestaurantsViewController.h */,
				C515F49218ACA41000D62460 /* RestaurantsViewController.m */,
				C515F4A118B1566700D62460 /* MenuViewController.h */,
				C515F4A218B1566700D62460 /* MenuViewController.m */,
				C515F4A018B0A31900D62460 /* DataObjects */,
				C515F46F18ABA2E900D62460 /* Images.xcassets */,
				C515F45E18ABA2E900D62460 /* Supporting Files */,
			);
			path = menuapp;
			sourceTree = "<group>";
		};
		C515F45E18ABA2E900D62460 /* Supporting Files */ = {
			isa = PBXGroup;
			children = (
				C515F45F18ABA2E900D62460 /* menuapp-Info.plist */,
				C515F46018ABA2E900D62460 /* InfoPlist.strings */,
				C515F46318ABA2E900D62460 /* main.m */,
				C515F46518ABA2E900D62460 /* menuapp-Prefix.pch */,
			);
			name = "Supporting Files";
			sourceTree = "<group>";
		};
		C515F47C18ABA2E900D62460 /* menuappTests */ = {
			isa = PBXGroup;
			children = (
				C515F48218ABA2E900D62460 /* menuappTests.m */,
				C515F47D18ABA2E900D62460 /* Supporting Files */,
			);
			path = menuappTests;
			sourceTree = SOURCE_ROOT;
		};
		C515F47D18ABA2E900D62460 /* Supporting Files */ = {
			isa = PBXGroup;
			children = (
				C515F47E18ABA2E900D62460 /* menuappTests-Info.plist */,
				C515F47F18ABA2E900D62460 /* InfoPlist.strings */,
			);
			name = "Supporting Files";
			sourceTree = "<group>";
		};
		C515F4A018B0A31900D62460 /* DataObjects */ = {
			isa = PBXGroup;
			children = (
				C515F48E18ACA02D00D62460 /* Data.h */,
				C515F48F18ACA02D00D62460 /* Data.m */,
				C515F49718B0A1D500D62460 /* Restaurant.h */,
				C515F49818B0A1D500D62460 /* Restaurant.m */,
				C515F49A18B0A24500D62460 /* Dish.h */,
				C515F49B18B0A24500D62460 /* Dish.m */,
				C515F49D18B0A30C00D62460 /* User.h */,
				C515F49E18B0A30C00D62460 /* User.m */,
				C515F47C18ABA2E900D62460 /* menuappTests */,
			);
			name = DataObjects;
			sourceTree = "<group>";
		};
/* End PBXGroup section */

/* Begin PBXNativeTarget section */
		C515F45318ABA2E900D62460 /* menuapp */ = {
			isa = PBXNativeTarget;
			buildConfigurationList = C515F48618ABA2E900D62460 /* Build configuration list for PBXNativeTarget "menuapp" */;
			buildPhases = (
				C515F45018ABA2E900D62460 /* Sources */,
				C515F45118ABA2E900D62460 /* Frameworks */,
				C515F45218ABA2E900D62460 /* Resources */,
			);
			buildRules = (
			);
			dependencies = (
			);
			name = menuapp;
			productName = menuapp;
			productReference = C515F45418ABA2E900D62460 /* menuapp.app */;
			productType = "com.apple.product-type.application";
		};
		C515F47418ABA2E900D62460 /* menuappTests */ = {
			isa = PBXNativeTarget;
			buildConfigurationList = C515F48918ABA2E900D62460 /* Build configuration list for PBXNativeTarget "menuappTests" */;
			buildPhases = (
				C515F47118ABA2E900D62460 /* Sources */,
				C515F47218ABA2E900D62460 /* Frameworks */,
				C515F47318ABA2E900D62460 /* Resources */,
			);
			buildRules = (
			);
			dependencies = (
				C515F47B18ABA2E900D62460 /* PBXTargetDependency */,
			);
			name = menuappTests;
			productName = menuappTests;
			productReference = C515F47518ABA2E900D62460 /* menuappTests.xctest */;
			productType = "com.apple.product-type.bundle.unit-test";
		};
/* End PBXNativeTarget section */

/* Begin PBXProject section */
		C515F44C18ABA2E900D62460 /* Project object */ = {
			isa = PBXProject;
			attributes = {
				LastUpgradeCheck = 0500;
				ORGANIZATIONNAME = Toluna;
				TargetAttributes = {
					C515F45318ABA2E900D62460 = {
						DevelopmentTeam = FZ5H2MD82R;
					};
					C515F47418ABA2E900D62460 = {
						TestTargetID = C515F45318ABA2E900D62460;
					};
				};
			};
			buildConfigurationList = C515F44F18ABA2E900D62460 /* Build configuration list for PBXProject "menuapp" */;
			compatibilityVersion = "Xcode 3.2";
			developmentRegion = English;
			hasScannedForEncodings = 0;
			knownRegions = (
				en,
				Base,
			);
			mainGroup = C515F44B18ABA2E900D62460;
			productRefGroup = C515F45518ABA2E900D62460 /* Products */;
			projectDirPath = "";
			projectRoot = "";
			targets = (
				C515F45318ABA2E900D62460 /* menuapp */,
				C515F47418ABA2E900D62460 /* menuappTests */,
			);
		};
/* End PBXProject section */

/* Begin PBXResourcesBuildPhase section */
		C515F45218ABA2E900D62460 /* Resources */ = {
			isa = PBXResourcesBuildPhase;
			buildActionMask = 2147483647;
			files = (
				C515F47018ABA2E900D62460 /* Images.xcassets in Resources */,
				C515F46218ABA2E900D62460 /* InfoPlist.strings in Resources */,
				C515F46B18ABA2E900D62460 /* Main.storyboard in Resources */,
			);
			runOnlyForDeploymentPostprocessing = 0;
		};
		C515F47318ABA2E900D62460 /* Resources */ = {
			isa = PBXResourcesBuildPhase;
			buildActionMask = 2147483647;
			files = (
				C515F48118ABA2E900D62460 /* InfoPlist.strings in Resources */,
			);
			runOnlyForDeploymentPostprocessing = 0;
		};
/* End PBXResourcesBuildPhase section */

/* Begin PBXSourcesBuildPhase section */
		C515F45018ABA2E900D62460 /* Sources */ = {
			isa = PBXSourcesBuildPhase;
			buildActionMask = 2147483647;
			files = (
				C515F46E18ABA2E900D62460 /* FBLoginViewController.m in Sources */,
				C515F49C18B0A24500D62460 /* Dish.m in Sources */,
				C515F49F18B0A30C00D62460 /* User.m in Sources */,
				C515F49918B0A1D500D62460 /* Restaurant.m in Sources */,
				C515F46818ABA2E900D62460 /* AppDelegate.m in Sources */,
				C515F46418ABA2E900D62460 /* main.m in Sources */,
				C515F49318ACA41000D62460 /* RestaurantsViewController.m in Sources */,
				C515F49018ACA02D00D62460 /* Data.m in Sources */,
				C515F4A618B1595A00D62460 /* DishCollectionViewCell.m in Sources */,
				C515F4A318B1566700D62460 /* MenuViewController.m in Sources */,
			);
			runOnlyForDeploymentPostprocessing = 0;
		};
		C515F47118ABA2E900D62460 /* Sources */ = {
			isa = PBXSourcesBuildPhase;
			buildActionMask = 2147483647;
			files = (
				C515F48318ABA2E900D62460 /* menuappTests.m in Sources */,
			);
			runOnlyForDeploymentPostprocessing = 0;
		};
/* End PBXSourcesBuildPhase section */

/* Begin PBXTargetDependency section */
		C515F47B18ABA2E900D62460 /* PBXTargetDependency */ = {
			isa = PBXTargetDependency;
			target = C515F45318ABA2E900D62460 /* menuapp */;
			targetProxy = C515F47A18ABA2E900D62460 /* PBXContainerItemProxy */;
		};
/* End PBXTargetDependency section */

/* Begin PBXVariantGroup section */
		C515F46018ABA2E900D62460 /* InfoPlist.strings */ = {
			isa = PBXVariantGroup;
			children = (
				C515F46118ABA2E900D62460 /* en */,
			);
			name = InfoPlist.strings;
			sourceTree = "<group>";
		};
		C515F46918ABA2E900D62460 /* Main.storyboard */ = {
			isa = PBXVariantGroup;
			children = (
				C515F46A18ABA2E900D62460 /* Base */,
			);
			name = Main.storyboard;
			sourceTree = "<group>";
		};
		C515F47F18ABA2E900D62460 /* InfoPlist.strings */ = {
			isa = PBXVariantGroup;
			children = (
				C515F48018ABA2E900D62460 /* en */,
			);
			name = InfoPlist.strings;
			sourceTree = "<group>";
		};
/* End PBXVariantGroup section */

/* Begin XCBuildConfiguration section */
		C515F48418ABA2E900D62460 /* Debug */ = {
			isa = XCBuildConfiguration;
			buildSettings = {
				ALWAYS_SEARCH_USER_PATHS = NO;
				ARCHS = "$(ARCHS_STANDARD_INCLUDING_64_BIT)";
				CLANG_CXX_LANGUAGE_STANDARD = "gnu++0x";
				CLANG_CXX_LIBRARY = "libc++";
				CLANG_ENABLE_MODULES = YES;
				CLANG_ENABLE_OBJC_ARC = YES;
				CLANG_WARN_BOOL_CONVERSION = YES;
				CLANG_WARN_CONSTANT_CONVERSION = YES;
				CLANG_WARN_DIRECT_OBJC_ISA_USAGE = YES_ERROR;
				CLANG_WARN_EMPTY_BODY = YES;
				CLANG_WARN_ENUM_CONVERSION = YES;
				CLANG_WARN_INT_CONVERSION = YES;
				CLANG_WARN_OBJC_ROOT_CLASS = YES_ERROR;
				CLANG_WARN__DUPLICATE_METHOD_MATCH = YES;
				"CODE_SIGN_IDENTITY[sdk=iphoneos*]" = "iPhone Developer";
				COPY_PHASE_STRIP = NO;
				GCC_C_LANGUAGE_STANDARD = gnu99;
				GCC_DYNAMIC_NO_PIC = NO;
				GCC_OPTIMIZATION_LEVEL = 0;
				GCC_PREPROCESSOR_DEFINITIONS = (
					"DEBUG=1",
					"$(inherited)",
				);
				GCC_SYMBOLS_PRIVATE_EXTERN = NO;
				GCC_WARN_64_TO_32_BIT_CONVERSION = YES;
				GCC_WARN_ABOUT_RETURN_TYPE = YES_ERROR;
				GCC_WARN_UNDECLARED_SELECTOR = YES;
				GCC_WARN_UNINITIALIZED_AUTOS = YES;
				GCC_WARN_UNUSED_FUNCTION = YES;
				GCC_WARN_UNUSED_VARIABLE = YES;
				IPHONEOS_DEPLOYMENT_TARGET = 7.0;
				ONLY_ACTIVE_ARCH = YES;
				SDKROOT = iphoneos;
			};
			name = Debug;
		};
		C515F48518ABA2E900D62460 /* Release */ = {
			isa = XCBuildConfiguration;
			buildSettings = {
				ALWAYS_SEARCH_USER_PATHS = NO;
				ARCHS = "$(ARCHS_STANDARD_INCLUDING_64_BIT)";
				CLANG_CXX_LANGUAGE_STANDARD = "gnu++0x";
				CLANG_CXX_LIBRARY = "libc++";
				CLANG_ENABLE_MODULES = YES;
				CLANG_ENABLE_OBJC_ARC = YES;
				CLANG_WARN_BOOL_CONVERSION = YES;
				CLANG_WARN_CONSTANT_CONVERSION = YES;
				CLANG_WARN_DIRECT_OBJC_ISA_USAGE = YES_ERROR;
				CLANG_WARN_EMPTY_BODY = YES;
				CLANG_WARN_ENUM_CONVERSION = YES;
				CLANG_WARN_INT_CONVERSION = YES;
				CLANG_WARN_OBJC_ROOT_CLASS = YES_ERROR;
				CLANG_WARN__DUPLICATE_METHOD_MATCH = YES;
				"CODE_SIGN_IDENTITY[sdk=iphoneos*]" = "iPhone Developer";
				COPY_PHASE_STRIP = YES;
				ENABLE_NS_ASSERTIONS = NO;
				GCC_C_LANGUAGE_STANDARD = gnu99;
				GCC_WARN_64_TO_32_BIT_CONVERSION = YES;
				GCC_WARN_ABOUT_RETURN_TYPE = YES_ERROR;
				GCC_WARN_UNDECLARED_SELECTOR = YES;
				GCC_WARN_UNINITIALIZED_AUTOS = YES;
				GCC_WARN_UNUSED_FUNCTION = YES;
				GCC_WARN_UNUSED_VARIABLE = YES;
				IPHONEOS_DEPLOYMENT_TARGET = 7.0;
				SDKROOT = iphoneos;
				VALIDATE_PRODUCT = YES;
			};
			name = Release;
		};
		C515F48718ABA2E900D62460 /* Debug */ = {
			isa = XCBuildConfiguration;
			buildSettings = {
				ASSETCATALOG_COMPILER_APPICON_NAME = AppIcon;
				ASSETCATALOG_COMPILER_LAUNCHIMAGE_NAME = LaunchImage;
				CODE_SIGN_IDENTITY = "iPhone Developer";
				"CODE_SIGN_IDENTITY[sdk=iphoneos*]" = "iPhone Developer";
				FRAMEWORK_SEARCH_PATHS = (
					"$(inherited)",
					/Users/laviavigdor/Documents/FacebookSDK,
				);
				GCC_PRECOMPILE_PREFIX_HEADER = YES;
				GCC_PREFIX_HEADER = "menuapp/menuapp-Prefix.pch";
				INFOPLIST_FILE = "menuapp/menuapp-Info.plist";
				PRODUCT_NAME = "$(TARGET_NAME)";
				PROVISIONING_PROFILE = "";
				WRAPPER_EXTENSION = app;
			};
			name = Debug;
		};
		C515F48818ABA2E900D62460 /* Release */ = {
			isa = XCBuildConfiguration;
			buildSettings = {
				ASSETCATALOG_COMPILER_APPICON_NAME = AppIcon;
				ASSETCATALOG_COMPILER_LAUNCHIMAGE_NAME = LaunchImage;
				CODE_SIGN_IDENTITY = "iPhone Developer";
				"CODE_SIGN_IDENTITY[sdk=iphoneos*]" = "iPhone Developer";
				FRAMEWORK_SEARCH_PATHS = (
					"$(inherited)",
					/Users/laviavigdor/Documents/FacebookSDK,
				);
				GCC_PRECOMPILE_PREFIX_HEADER = YES;
				GCC_PREFIX_HEADER = "menuapp/menuapp-Prefix.pch";
				INFOPLIST_FILE = "menuapp/menuapp-Info.plist";
				PRODUCT_NAME = "$(TARGET_NAME)";
				PROVISIONING_PROFILE = "";
				WRAPPER_EXTENSION = app;
			};
			name = Release;
		};
		C515F48A18ABA2E900D62460 /* Debug */ = {
			isa = XCBuildConfiguration;
			buildSettings = {
				ARCHS = "$(ARCHS_STANDARD_INCLUDING_64_BIT)";
				BUNDLE_LOADER = "$(BUILT_PRODUCTS_DIR)/menuapp.app/menuapp";
				FRAMEWORK_SEARCH_PATHS = (
					"$(SDKROOT)/Developer/Library/Frameworks",
					"$(inherited)",
					"$(DEVELOPER_FRAMEWORKS_DIR)",
				);
				GCC_PRECOMPILE_PREFIX_HEADER = YES;
				GCC_PREFIX_HEADER = "menuapp/menuapp-Prefix.pch";
				GCC_PREPROCESSOR_DEFINITIONS = (
					"DEBUG=1",
					"$(inherited)",
				);
				INFOPLIST_FILE = "menuappTests/menuappTests-Info.plist";
				PRODUCT_NAME = "$(TARGET_NAME)";
				TEST_HOST = "$(BUNDLE_LOADER)";
				WRAPPER_EXTENSION = xctest;
			};
			name = Debug;
		};
		C515F48B18ABA2E900D62460 /* Release */ = {
			isa = XCBuildConfiguration;
			buildSettings = {
				ARCHS = "$(ARCHS_STANDARD_INCLUDING_64_BIT)";
				BUNDLE_LOADER = "$(BUILT_PRODUCTS_DIR)/menuapp.app/menuapp";
				FRAMEWORK_SEARCH_PATHS = (
					"$(SDKROOT)/Developer/Library/Frameworks",
					"$(inherited)",
					"$(DEVELOPER_FRAMEWORKS_DIR)",
				);
				GCC_PRECOMPILE_PREFIX_HEADER = YES;
				GCC_PREFIX_HEADER = "menuapp/menuapp-Prefix.pch";
				INFOPLIST_FILE = "menuappTests/menuappTests-Info.plist";
				PRODUCT_NAME = "$(TARGET_NAME)";
				TEST_HOST = "$(BUNDLE_LOADER)";
				WRAPPER_EXTENSION = xctest;
			};
			name = Release;
		};
/* End XCBuildConfiguration section */

/* Begin XCConfigurationList section */
		C515F44F18ABA2E900D62460 /* Build configuration list for PBXProject "menuapp" */ = {
			isa = XCConfigurationList;
			buildConfigurations = (
				C515F48418ABA2E900D62460 /* Debug */,
				C515F48518ABA2E900D62460 /* Release */,
			);
			defaultConfigurationIsVisible = 0;
			defaultConfigurationName = Release;
		};
		C515F48618ABA2E900D62460 /* Build configuration list for PBXNativeTarget "menuapp" */ = {
			isa = XCConfigurationList;
			buildConfigurations = (
				C515F48718ABA2E900D62460 /* Debug */,
				C515F48818ABA2E900D62460 /* Release */,
			);
			defaultConfigurationIsVisible = 0;
		};
		C515F48918ABA2E900D62460 /* Build configuration list for PBXNativeTarget "menuappTests" */ = {
			isa = XCConfigurationList;
			buildConfigurations = (
				C515F48A18ABA2E900D62460 /* Debug */,
				C515F48B18ABA2E900D62460 /* Release */,
			);
			defaultConfigurationIsVisible = 0;
		};
/* End XCConfigurationList section */
	};
	rootObject = C515F44C18ABA2E900D62460 /* Project object */;
}
